
Microsoft Visual Studio Solution File, Format Version 12.00
# Visual Studio Version 17
VisualStudioVersion = 17.9.34616.47
MinimumVisualStudioVersion = 10.0.40219.1
Project("{FAE04EC0-301F-11D3-BF4B-00C04F79EFBC}") = "tpmodul10_1302223090", "tpmodul10_1302223090\tpmodul10_1302223090.csproj", "{B0080633-6EEA-4C14-90BD-52268B9E8560}"
EndProject
Global
	GlobalSection(SolutionConfigurationPlatforms) = preSolution
		Debug|Any CPU = Debug|Any CPU
		Release|Any CPU = Release|Any CPU
	EndGlobalSection
	GlobalSection(ProjectConfigurationPlatforms) = postSolution
		{B0080633-6EEA-4C14-90BD-52268B9E8560}.Debug|Any CPU.ActiveCfg = Debug|Any CPU
		{B0080633-6EEA-4C14-90BD-52268B9E8560}.Debug|Any CPU.Build.0 = Debug|Any CPU
		{B0080633-6EEA-4C14-90BD-52268B9E8560}.Release|Any CPU.ActiveCfg = Release|Any CPU
		{B0080633-6EEA-4C14-90BD-52268B9E8560}.Release|Any CPU.Build.0 = Release|Any CPU
	EndGlobalSection
	GlobalSection(SolutionProperties) = preSolution
		HideSolutionNode = FALSE
	EndGlobalSection
	GlobalSection(ExtensibilityGlobals) = postSolution
		SolutionGuid = {CC87B311-CD60-4993-AADB-9ED6EA873948}
	EndGlobalSection
EndGlobal
